
Microsoft Visual Studio Solution File, Format Version 12.00
# Visual Studio Version 16
VisualStudioVersion = 16.0.33328.57
MinimumVisualStudioVersion = 10.0.40219.1
Project("{FAE04EC0-301F-11D3-BF4B-00C04F79EFBC}") = "cdotkubernativedemo", "cdotkubernativedemo\cdotkubernativedemo.csproj", "{D5B2C27E-8556-43BA-9C0E-D84637401960}"
EndProject
Global
	GlobalSection(SolutionConfigurationPlatforms) = preSolution
		Debug|Any CPU = Debug|Any CPU
		Release|Any CPU = Release|Any CPU
	EndGlobalSection
	GlobalSection(ProjectConfigurationPlatforms) = postSolution
		{D5B2C27E-8556-43BA-9C0E-D84637401960}.Debug|Any CPU.ActiveCfg = Debug|Any CPU
		{D5B2C27E-8556-43BA-9C0E-D84637401960}.Debug|Any CPU.Build.0 = Debug|Any CPU
		{D5B2C27E-8556-43BA-9C0E-D84637401960}.Release|Any CPU.ActiveCfg = Release|Any CPU
		{D5B2C27E-8556-43BA-9C0E-D84637401960}.Release|Any CPU.Build.0 = Release|Any CPU
	EndGlobalSection
	GlobalSection(SolutionProperties) = preSolution
		HideSolutionNode = FALSE
	EndGlobalSection
	GlobalSection(ExtensibilityGlobals) = postSolution
		SolutionGuid = {9E32C316-3C59-4055-9D28-A4FEDD78E3C4}
	EndGlobalSection
EndGlobal
